
Microsoft Visual Studio Solution File, Format Version 12.00
# Visual Studio Version 17
VisualStudioVersion = 17.7.34221.43
MinimumVisualStudioVersion = 10.0.40219.1
Project("{FAE04EC0-301F-11D3-BF4B-00C04F79EFBC}") = "Biit Employee Performance Apraisal API", "Biit Employee Performance Apraisal API\Biit Employee Performance Apraisal API.csproj", "{E9EC3AB0-6F5E-4535-AE67-F359DC135C82}"
EndProject
Global
	GlobalSection(SolutionConfigurationPlatforms) = preSolution
		Debug|Any CPU = Debug|Any CPU
		Release|Any CPU = Release|Any CPU
	EndGlobalSection
	GlobalSection(ProjectConfigurationPlatforms) = postSolution
		{E9EC3AB0-6F5E-4535-AE67-F359DC135C82}.Debug|Any CPU.ActiveCfg = Debug|Any CPU
		{E9EC3AB0-6F5E-4535-AE67-F359DC135C82}.Debug|Any CPU.Build.0 = Debug|Any CPU
		{E9EC3AB0-6F5E-4535-AE67-F359DC135C82}.Release|Any CPU.ActiveCfg = Release|Any CPU
		{E9EC3AB0-6F5E-4535-AE67-F359DC135C82}.Release|Any CPU.Build.0 = Release|Any CPU
	EndGlobalSection
	GlobalSection(SolutionProperties) = preSolution
		HideSolutionNode = FALSE
	EndGlobalSection
	GlobalSection(ExtensibilityGlobals) = postSolution
		SolutionGuid = {6C26EAD7-89F2-40AE-AF05-B468C7BB33B2}
	EndGlobalSection
EndGlobal
